
Microsoft Visual Studio Solution File, Format Version 12.00
# Visual Studio Version 17
VisualStudioVersion = 17.10.34928.147
MinimumVisualStudioVersion = 10.0.40219.1
Project("{FAE04EC0-301F-11D3-BF4B-00C04F79EFBC}") = "AESEncrypt", "AESEncrypt.csproj", "{6B02C54A-301D-4BBC-A7C4-603F88DFB3BB}"
EndProject
Project("{FAE04EC0-301F-11D3-BF4B-00C04F79EFBC}") = "XOREncrypt", "..\XOREncrypt\XOREncrypt.csproj", "{AD174D41-3A9E-410B-9BF5-F745F9AADC0F}"
EndProject
Project("{FAE04EC0-301F-11D3-BF4B-00C04F79EFBC}") = "WinFormsApp", "..\WinFormsApp\WinFormsApp.csproj", "{74F6A7A9-BBFD-4F5D-B23A-59B50C3AC5E3}"
EndProject
Global
	GlobalSection(SolutionConfigurationPlatforms) = preSolution
		Debug|Any CPU = Debug|Any CPU
		Release|Any CPU = Release|Any CPU
	EndGlobalSection
	GlobalSection(ProjectConfigurationPlatforms) = postSolution
		{6B02C54A-301D-4BBC-A7C4-603F88DFB3BB}.Debug|Any CPU.ActiveCfg = Debug|Any CPU
		{6B02C54A-301D-4BBC-A7C4-603F88DFB3BB}.Debug|Any CPU.Build.0 = Debug|Any CPU
		{6B02C54A-301D-4BBC-A7C4-603F88DFB3BB}.Release|Any CPU.ActiveCfg = Release|Any CPU
		{6B02C54A-301D-4BBC-A7C4-603F88DFB3BB}.Release|Any CPU.Build.0 = Release|Any CPU
		{AD174D41-3A9E-410B-9BF5-F745F9AADC0F}.Debug|Any CPU.ActiveCfg = Debug|Any CPU
		{AD174D41-3A9E-410B-9BF5-F745F9AADC0F}.Debug|Any CPU.Build.0 = Debug|Any CPU
		{AD174D41-3A9E-410B-9BF5-F745F9AADC0F}.Release|Any CPU.ActiveCfg = Release|Any CPU
		{AD174D41-3A9E-410B-9BF5-F745F9AADC0F}.Release|Any CPU.Build.0 = Release|Any CPU
		{74F6A7A9-BBFD-4F5D-B23A-59B50C3AC5E3}.Debug|Any CPU.ActiveCfg = Debug|Any CPU
		{74F6A7A9-BBFD-4F5D-B23A-59B50C3AC5E3}.Debug|Any CPU.Build.0 = Debug|Any CPU
		{74F6A7A9-BBFD-4F5D-B23A-59B50C3AC5E3}.Release|Any CPU.ActiveCfg = Release|Any CPU
		{74F6A7A9-BBFD-4F5D-B23A-59B50C3AC5E3}.Release|Any CPU.Build.0 = Release|Any CPU
	EndGlobalSection
	GlobalSection(SolutionProperties) = preSolution
		HideSolutionNode = FALSE
	EndGlobalSection
	GlobalSection(ExtensibilityGlobals) = postSolution
		SolutionGuid = {4E4546FF-12E0-467E-BE7B-184F8F3242C2}
	EndGlobalSection
EndGlobal
