
Microsoft Visual Studio Solution File, Format Version 12.00
# Visual Studio Version 17
VisualStudioVersion = 17.10.34928.147
MinimumVisualStudioVersion = 10.0.40219.1
Project("{FAE04EC0-301F-11D3-BF4B-00C04F79EFBC}") = "Lab_2", "Lab_2.csproj", "{9D006185-D856-45FA-8852-381BC71FDDAC}"
EndProject
Global
	GlobalSection(SolutionConfigurationPlatforms) = preSolution
		Debug|Any CPU = Debug|Any CPU
		Release|Any CPU = Release|Any CPU
	EndGlobalSection
	GlobalSection(ProjectConfigurationPlatforms) = postSolution
		{9D006185-D856-45FA-8852-381BC71FDDAC}.Debug|Any CPU.ActiveCfg = Debug|Any CPU
		{9D006185-D856-45FA-8852-381BC71FDDAC}.Debug|Any CPU.Build.0 = Debug|Any CPU
		{9D006185-D856-45FA-8852-381BC71FDDAC}.Release|Any CPU.ActiveCfg = Release|Any CPU
		{9D006185-D856-45FA-8852-381BC71FDDAC}.Release|Any CPU.Build.0 = Release|Any CPU
	EndGlobalSection
	GlobalSection(SolutionProperties) = preSolution
		HideSolutionNode = FALSE
	EndGlobalSection
	GlobalSection(ExtensibilityGlobals) = postSolution
		SolutionGuid = {001B244E-AD45-47D9-9B95-3F31E1B5F5AB}
	EndGlobalSection
EndGlobal
